Microsoft Visual Studio Solution File, Format Version 8.00
Project("{8BC9CEB8-8B4A-11D0-8D11-00A0C91BC942}") = "ShivaVG", "ShivaVG.vcproj", "{7E6A22B3-1937-4FB4-8589-438B6E223E07}"
	ProjectSection(ProjectDependencies) = postProject
	EndProjectSection
EndProject
Project("{8BC9CEB8-8B4A-11D0-8D11-00A0C91BC942}") = "TestDash", "TestDash.vcproj", "{B866A89F-1F10-4521-BCE6-6D91A41E68C8}"
	ProjectSection(ProjectDependencies) = postProject
		{7E6A22B3-1937-4FB4-8589-438B6E223E07} = {7E6A22B3-1937-4FB4-8589-438B6E223E07}
	EndProjectSection
EndProject
Project("{8BC9CEB8-8B4A-11D0-8D11-00A0C91BC942}") = "TestImage", "TestImage.vcproj", "{B866A89F-1F10-4521-BCE6-6D91A41E68C8}"
	ProjectSection(ProjectDependencies) = postProject
		{7E6A22B3-1937-4FB4-8589-438B6E223E07} = {7E6A22B3-1937-4FB4-8589-438B6E223E07}
	EndProjectSection
EndProject
Project("{8BC9CEB8-8B4A-11D0-8D11-00A0C91BC942}") = "TestInterpolate", "TestInterpolate.vcproj", "{B866A89F-1F10-4521-BCE6-6D91A41E68C8}"
	ProjectSection(ProjectDependencies) = postProject
		{7E6A22B3-1937-4FB4-8589-438B6E223E07} = {7E6A22B3-1937-4FB4-8589-438B6E223E07}
	EndProjectSection
EndProject
Project("{8BC9CEB8-8B4A-11D0-8D11-00A0C91BC942}") = "TestLinear", "TestLinear.vcproj", "{B866A89F-1F10-4521-BCE6-6D91A41E68C8}"
	ProjectSection(ProjectDependencies) = postProject
		{7E6A22B3-1937-4FB4-8589-438B6E223E07} = {7E6A22B3-1937-4FB4-8589-438B6E223E07}
	EndProjectSection
EndProject
Project("{8BC9CEB8-8B4A-11D0-8D11-00A0C91BC942}") = "TestRadial", "TestRadial.vcproj", "{B866A89F-1F10-4521-BCE6-6D91A41E68C8}"
	ProjectSection(ProjectDependencies) = postProject
		{7E6A22B3-1937-4FB4-8589-438B6E223E07} = {7E6A22B3-1937-4FB4-8589-438B6E223E07}
	EndProjectSection
EndProject
Project("{8BC9CEB8-8B4A-11D0-8D11-00A0C91BC942}") = "TestTiger", "TestTiger.vcproj", "{B866A89F-1F10-4521-BCE6-6D91A41E68C8}"
	ProjectSection(ProjectDependencies) = postProject
		{7E6A22B3-1937-4FB4-8589-438B6E223E07} = {7E6A22B3-1937-4FB4-8589-438B6E223E07}
	EndProjectSection
EndProject
Project("{8BC9CEB8-8B4A-11D0-8D11-00A0C91BC942}") = "TestVgu", "TestVgu.vcproj", "{B866A89F-1F10-4521-BCE6-6D91A41E68C8}"
	ProjectSection(ProjectDependencies) = postProject
		{7E6A22B3-1937-4FB4-8589-438B6E223E07} = {7E6A22B3-1937-4FB4-8589-438B6E223E07}
	EndProjectSection
EndProject
Project("{8BC9CEB8-8B4A-11D0-8D11-00A0C91BC942}") = "TestBlend", "TestBlend.vcproj", "{B866A89F-1F10-4521-BCE6-6D91A41E68C8}"
	ProjectSection(ProjectDependencies) = postProject
		{7E6A22B3-1937-4FB4-8589-438B6E223E07} = {7E6A22B3-1937-4FB4-8589-438B6E223E07}
	EndProjectSection
EndProject
Project("{8BC9CEB8-8B4A-11D0-8D11-00A0C91BC942}") = "TestPattern", "TestPattern.vcproj", "{B866A89F-1F10-4521-BCE6-6D91A41E68C8}"
	ProjectSection(ProjectDependencies) = postProject
	EndProjectSection
EndProject
Global
	GlobalSection(SolutionConfiguration) = preSolution
		Debug = Debug
		Release = Release
	EndGlobalSection
	GlobalSection(ProjectConfiguration) = postSolution
		{7E6A22B3-1937-4FB4-8589-438B6E223E07}.Debug.ActiveCfg = Debug|Win32
		{7E6A22B3-1937-4FB4-8589-438B6E223E07}.Debug.Build.0 = Debug|Win32
		{7E6A22B3-1937-4FB4-8589-438B6E223E07}.Release.ActiveCfg = Release|Win32
		{7E6A22B3-1937-4FB4-8589-438B6E223E07}.Release.Build.0 = Release|Win32
		{B866A89F-1F10-4521-BCE6-6D91A41E68C8}.Debug.ActiveCfg = Debug|Win32
		{B866A89F-1F10-4521-BCE6-6D91A41E68C8}.Debug.Build.0 = Debug|Win32
		{B866A89F-1F10-4521-BCE6-6D91A41E68C8}.Release.ActiveCfg = Release|Win32
		{B866A89F-1F10-4521-BCE6-6D91A41E68C8}.Release.Build.0 = Release|Win32
		{B866A89F-1F10-4521-BCE6-6D91A41E68C8}.Debug.ActiveCfg = Debug|Win32
		{B866A89F-1F10-4521-BCE6-6D91A41E68C8}.Debug.Build.0 = Debug|Win32
		{B866A89F-1F10-4521-BCE6-6D91A41E68C8}.Release.ActiveCfg = Release|Win32
		{B866A89F-1F10-4521-BCE6-6D91A41E68C8}.Release.Build.0 = Release|Win32
		{B866A89F-1F10-4521-BCE6-6D91A41E68C8}.Debug.ActiveCfg = Debug|Win32
		{B866A89F-1F10-4521-BCE6-6D91A41E68C8}.Debug.Build.0 = Debug|Win32
		{B866A89F-1F10-4521-BCE6-6D91A41E68C8}.Release.ActiveCfg = Release|Win32
		{B866A89F-1F10-4521-BCE6-6D91A41E68C8}.Release.Build.0 = Release|Win32
		{B866A89F-1F10-4521-BCE6-6D91A41E68C8}.Debug.ActiveCfg = Debug|Win32
		{B866A89F-1F10-4521-BCE6-6D91A41E68C8}.Debug.Build.0 = Debug|Win32
		{B866A89F-1F10-4521-BCE6-6D91A41E68C8}.Release.ActiveCfg = Release|Win32
		{B866A89F-1F10-4521-BCE6-6D91A41E68C8}.Release.Build.0 = Release|Win32
		{B866A89F-1F10-4521-BCE6-6D91A41E68C8}.Debug.ActiveCfg = Debug|Win32
		{B866A89F-1F10-4521-BCE6-6D91A41E68C8}.Debug.Build.0 = Debug|Win32
		{B866A89F-1F10-4521-BCE6-6D91A41E68C8}.Release.ActiveCfg = Release|Win32
		{B866A89F-1F10-4521-BCE6-6D91A41E68C8}.Release.Build.0 = Release|Win32
		{B866A89F-1F10-4521-BCE6-6D91A41E68C8}.Debug.ActiveCfg = Debug|Win32
		{B866A89F-1F10-4521-BCE6-6D91A41E68C8}.Debug.Build.0 = Debug|Win32
		{B866A89F-1F10-4521-BCE6-6D91A41E68C8}.Release.ActiveCfg = Release|Win32
		{B866A89F-1F10-4521-BCE6-6D91A41E68C8}.Release.Build.0 = Release|Win32
		{B866A89F-1F10-4521-BCE6-6D91A41E68C8}.Debug.ActiveCfg = Debug|Win32
		{B866A89F-1F10-4521-BCE6-6D91A41E68C8}.Debug.Build.0 = Debug|Win32
		{B866A89F-1F10-4521-BCE6-6D91A41E68C8}.Release.ActiveCfg = Release|Win32
		{B866A89F-1F10-4521-BCE6-6D91A41E68C8}.Release.Build.0 = Release|Win32
		{B866A89F-1F10-4521-BCE6-6D91A41E68C8}.Debug.ActiveCfg = Debug|Win32
		{B866A89F-1F10-4521-BCE6-6D91A41E68C8}.Debug.Build.0 = Debug|Win32
		{B866A89F-1F10-4521-BCE6-6D91A41E68C8}.Release.ActiveCfg = Release|Win32
		{B866A89F-1F10-4521-BCE6-6D91A41E68C8}.Release.Build.0 = Release|Win32
		{B866A89F-1F10-4521-BCE6-6D91A41E68C8}.Debug.ActiveCfg = Debug|Win32
		{B866A89F-1F10-4521-BCE6-6D91A41E68C8}.Debug.Build.0 = Debug|Win32
		{B866A89F-1F10-4521-BCE6-6D91A41E68C8}.Release.ActiveCfg = Release|Win32
		{B866A89F-1F10-4521-BCE6-6D91A41E68C8}.Release.Build.0 = Release|Win32
	EndGlobalSection
	GlobalSection(ExtensibilityGlobals) = postSolution
	EndGlobalSection
	GlobalSection(ExtensibilityAddIns) = postSolution
	EndGlobalSection
EndGlobal
